
Microsoft Visual Studio Solution File, Format Version 12.00
# Visual Studio Version 17
VisualStudioVersion = 17.0.31903.59
MinimumVisualStudioVersion = 10.0.40219.1
Project("{FAE04EC0-301F-11D3-BF4B-00C04F79EFBC}") = "StreamingChat", "StreamingChat\StreamingChat.csproj", "{EB59A552-F9DE-4BCF-9189-E5030C0A197B}"
EndProject
Project("{FAE04EC0-301F-11D3-BF4B-00C04F79EFBC}") = "FunctionCalling", "FunctionCalling\FunctionCalling.csproj", "{3FC6D6A5-9FDF-46C4-9335-B0520B035617}"
EndProject
Project("{FAE04EC0-301F-11D3-BF4B-00C04F79EFBC}") = "AgentGroupChat", "AgentGroupChat\AgentGroupChat.csproj", "{5E2BF335-A873-4BF6-8CFD-1043B9BD836B}"
EndProject
Global
	GlobalSection(SolutionConfigurationPlatforms) = preSolution
		Debug|Any CPU = Debug|Any CPU
		Release|Any CPU = Release|Any CPU
	EndGlobalSection
	GlobalSection(ProjectConfigurationPlatforms) = postSolution
		{EB59A552-F9DE-4BCF-9189-E5030C0A197B}.Debug|Any CPU.ActiveCfg = Debug|Any CPU
		{EB59A552-F9DE-4BCF-9189-E5030C0A197B}.Debug|Any CPU.Build.0 = Debug|Any CPU
		{EB59A552-F9DE-4BCF-9189-E5030C0A197B}.Release|Any CPU.ActiveCfg = Release|Any CPU
		{EB59A552-F9DE-4BCF-9189-E5030C0A197B}.Release|Any CPU.Build.0 = Release|Any CPU
		{3FC6D6A5-9FDF-46C4-9335-B0520B035617}.Debug|Any CPU.ActiveCfg = Debug|Any CPU
		{3FC6D6A5-9FDF-46C4-9335-B0520B035617}.Debug|Any CPU.Build.0 = Debug|Any CPU
		{3FC6D6A5-9FDF-46C4-9335-B0520B035617}.Release|Any CPU.ActiveCfg = Release|Any CPU
		{3FC6D6A5-9FDF-46C4-9335-B0520B035617}.Release|Any CPU.Build.0 = Release|Any CPU
		{5E2BF335-A873-4BF6-8CFD-1043B9BD836B}.Debug|Any CPU.ActiveCfg = Debug|Any CPU
		{5E2BF335-A873-4BF6-8CFD-1043B9BD836B}.Debug|Any CPU.Build.0 = Debug|Any CPU
		{5E2BF335-A873-4BF6-8CFD-1043B9BD836B}.Release|Any CPU.ActiveCfg = Release|Any CPU
		{5E2BF335-A873-4BF6-8CFD-1043B9BD836B}.Release|Any CPU.Build.0 = Release|Any CPU
	EndGlobalSection
	GlobalSection(SolutionProperties) = preSolution
		HideSolutionNode = FALSE
	EndGlobalSection
EndGlobal
